
Microsoft Visual Studio Solution File, Format Version 12.00
# Visual Studio Version 16
VisualStudioVersion = 16.0.30204.135
MinimumVisualStudioVersion = 10.0.40219.1
Project("{FAE04EC0-301F-11D3-BF4B-00C04F79EFBC}") = "UIHockeyScoreboard", "HockeyScoreboard\UIHockeyScoreboard.csproj", "{52A2894F-79E1-4CFB-AB5D-3AE7E44906C7}"
EndProject
Project("{FAE04EC0-301F-11D3-BF4B-00C04F79EFBC}") = "HockeyScoreboardLibrary", "HockeyScoreboardLibrary\HockeyScoreboardLibrary.csproj", "{7F1F6E60-2599-4561-A21E-762ED6BD9A95}"
EndProject
Project("{FAE04EC0-301F-11D3-BF4B-00C04F79EFBC}") = "HockeyScoreboardWpfControlLibrary", "HockeyScoreboardWpfControlLibrary\HockeyScoreboardWpfControlLibrary.csproj", "{8082E58A-22AD-4876-AE93-B77B4C0A2E2D}"
EndProject
Project("{930C7802-8A8C-48F9-8165-68863BCCD9DD}") = "HS-MSI-Setup", "HS-MSI-Setup\HS-MSI-Setup.wixproj", "{800CB5B5-F8DA-4FF6-B57F-CFFF81BBF0B0}"
EndProject
Global
	GlobalSection(SolutionConfigurationPlatforms) = preSolution
		All|x64 = All|x64
		All|x86 = All|x86
		Debug|x64 = Debug|x64
		Debug|x86 = Debug|x86
		Release|x64 = Release|x64
		Release|x86 = Release|x86
	EndGlobalSection
	GlobalSection(ProjectConfigurationPlatforms) = postSolution
		{52A2894F-79E1-4CFB-AB5D-3AE7E44906C7}.All|x64.ActiveCfg = Debug|x64
		{52A2894F-79E1-4CFB-AB5D-3AE7E44906C7}.All|x86.ActiveCfg = Debug|x86
		{52A2894F-79E1-4CFB-AB5D-3AE7E44906C7}.Debug|x64.ActiveCfg = Debug|x64
		{52A2894F-79E1-4CFB-AB5D-3AE7E44906C7}.Debug|x64.Build.0 = Debug|x64
		{52A2894F-79E1-4CFB-AB5D-3AE7E44906C7}.Debug|x86.ActiveCfg = Debug|x86
		{52A2894F-79E1-4CFB-AB5D-3AE7E44906C7}.Debug|x86.Build.0 = Debug|x86
		{52A2894F-79E1-4CFB-AB5D-3AE7E44906C7}.Release|x64.ActiveCfg = Release|x64
		{52A2894F-79E1-4CFB-AB5D-3AE7E44906C7}.Release|x64.Build.0 = Release|x64
		{52A2894F-79E1-4CFB-AB5D-3AE7E44906C7}.Release|x86.ActiveCfg = Release|x86
		{52A2894F-79E1-4CFB-AB5D-3AE7E44906C7}.Release|x86.Build.0 = Release|x86
		{7F1F6E60-2599-4561-A21E-762ED6BD9A95}.All|x64.ActiveCfg = Debug|Any CPU
		{7F1F6E60-2599-4561-A21E-762ED6BD9A95}.All|x64.Build.0 = Debug|Any CPU
		{7F1F6E60-2599-4561-A21E-762ED6BD9A95}.All|x86.ActiveCfg = Debug|Any CPU
		{7F1F6E60-2599-4561-A21E-762ED6BD9A95}.All|x86.Build.0 = Debug|Any CPU
		{7F1F6E60-2599-4561-A21E-762ED6BD9A95}.Debug|x64.ActiveCfg = Debug|x64
		{7F1F6E60-2599-4561-A21E-762ED6BD9A95}.Debug|x64.Build.0 = Debug|x64
		{7F1F6E60-2599-4561-A21E-762ED6BD9A95}.Debug|x86.ActiveCfg = Debug|x86
		{7F1F6E60-2599-4561-A21E-762ED6BD9A95}.Debug|x86.Build.0 = Debug|x86
		{7F1F6E60-2599-4561-A21E-762ED6BD9A95}.Release|x64.ActiveCfg = Release|x64
		{7F1F6E60-2599-4561-A21E-762ED6BD9A95}.Release|x64.Build.0 = Release|x64
		{7F1F6E60-2599-4561-A21E-762ED6BD9A95}.Release|x86.ActiveCfg = Release|x86
		{7F1F6E60-2599-4561-A21E-762ED6BD9A95}.Release|x86.Build.0 = Release|x86
		{8082E58A-22AD-4876-AE93-B77B4C0A2E2D}.All|x64.ActiveCfg = Debug|Any CPU
		{8082E58A-22AD-4876-AE93-B77B4C0A2E2D}.All|x64.Build.0 = Debug|Any CPU
		{8082E58A-22AD-4876-AE93-B77B4C0A2E2D}.All|x86.ActiveCfg = Debug|Any CPU
		{8082E58A-22AD-4876-AE93-B77B4C0A2E2D}.All|x86.Build.0 = Debug|Any CPU
		{8082E58A-22AD-4876-AE93-B77B4C0A2E2D}.Debug|x64.ActiveCfg = Debug|x64
		{8082E58A-22AD-4876-AE93-B77B4C0A2E2D}.Debug|x64.Build.0 = Debug|x64
		{8082E58A-22AD-4876-AE93-B77B4C0A2E2D}.Debug|x86.ActiveCfg = Debug|x86
		{8082E58A-22AD-4876-AE93-B77B4C0A2E2D}.Debug|x86.Build.0 = Debug|x86
		{8082E58A-22AD-4876-AE93-B77B4C0A2E2D}.Release|x64.ActiveCfg = Release|x64
		{8082E58A-22AD-4876-AE93-B77B4C0A2E2D}.Release|x64.Build.0 = Release|x64
		{8082E58A-22AD-4876-AE93-B77B4C0A2E2D}.Release|x86.ActiveCfg = Release|x86
		{8082E58A-22AD-4876-AE93-B77B4C0A2E2D}.Release|x86.Build.0 = Release|x86
		{800CB5B5-F8DA-4FF6-B57F-CFFF81BBF0B0}.All|x64.ActiveCfg = Debug|x86
		{800CB5B5-F8DA-4FF6-B57F-CFFF81BBF0B0}.All|x64.Build.0 = Debug|x86
		{800CB5B5-F8DA-4FF6-B57F-CFFF81BBF0B0}.All|x86.ActiveCfg = Debug|x86
		{800CB5B5-F8DA-4FF6-B57F-CFFF81BBF0B0}.All|x86.Build.0 = Debug|x86
		{800CB5B5-F8DA-4FF6-B57F-CFFF81BBF0B0}.Debug|x64.ActiveCfg = Debug|x64
		{800CB5B5-F8DA-4FF6-B57F-CFFF81BBF0B0}.Debug|x86.ActiveCfg = Debug|x86
		{800CB5B5-F8DA-4FF6-B57F-CFFF81BBF0B0}.Release|x64.ActiveCfg = Release|x64
		{800CB5B5-F8DA-4FF6-B57F-CFFF81BBF0B0}.Release|x86.ActiveCfg = Release|x86
	EndGlobalSection
	GlobalSection(SolutionProperties) = preSolution
		HideSolutionNode = FALSE
	EndGlobalSection
	GlobalSection(ExtensibilityGlobals) = postSolution
		SolutionGuid = {3EDE11F7-29B6-4CD6-BF00-D10B88D6611F}
	EndGlobalSection
EndGlobal
